
Microsoft Visual Studio Solution File, Format Version 12.00
# Visual Studio Version 16
VisualStudioVersion = 16.0.29519.87
MinimumVisualStudioVersion = 10.0.40219.1
Project("{FAE04EC0-301F-11D3-BF4B-00C04F79EFBC}") = "ConsoleApp1", "ConsoleApp1.csproj", "{61302CFE-E70A-4BF9-A7E8-E9C4B506485C}"
EndProject
Global
	GlobalSection(SolutionConfigurationPlatforms) = preSolution
		Debug|Any CPU = Debug|Any CPU
		Release|Any CPU = Release|Any CPU
	EndGlobalSection
	GlobalSection(ProjectConfigurationPlatforms) = postSolution
		{61302CFE-E70A-4BF9-A7E8-E9C4B506485C}.Debug|Any CPU.ActiveCfg = Debug|Any CPU
		{61302CFE-E70A-4BF9-A7E8-E9C4B506485C}.Debug|Any CPU.Build.0 = Debug|Any CPU
		{61302CFE-E70A-4BF9-A7E8-E9C4B506485C}.Release|Any CPU.ActiveCfg = Release|Any CPU
		{61302CFE-E70A-4BF9-A7E8-E9C4B506485C}.Release|Any CPU.Build.0 = Release|Any CPU
	EndGlobalSection
	GlobalSection(SolutionProperties) = preSolution
		HideSolutionNode = FALSE
	EndGlobalSection
	GlobalSection(ExtensibilityGlobals) = postSolution
		SolutionGuid = {B3223046-8887-42B7-9DE0-819115AEED42}
	EndGlobalSection
EndGlobal
